
Microsoft Visual Studio Solution File, Format Version 12.00
# Visual Studio 15
VisualStudioVersion = 15.0.27130.2003
MinimumVisualStudioVersion = 10.0.40219.1
Project("{FAE04EC0-301F-11D3-BF4B-00C04F79EFBC}") = "Manager", "Manager\Manager.csproj", "{9EDAE319-02BC-4C5F-BE48-079828D4F3DA}"
EndProject
Global
	GlobalSection(SolutionConfigurationPlatforms) = preSolution
		Debug|Any CPU = Debug|Any CPU
		Release|Any CPU = Release|Any CPU
	EndGlobalSection
	GlobalSection(ProjectConfigurationPlatforms) = postSolution
		{9EDAE319-02BC-4C5F-BE48-079828D4F3DA}.Debug|Any CPU.ActiveCfg = Debug|Any CPU
		{9EDAE319-02BC-4C5F-BE48-079828D4F3DA}.Debug|Any CPU.Build.0 = Debug|Any CPU
		{9EDAE319-02BC-4C5F-BE48-079828D4F3DA}.Release|Any CPU.ActiveCfg = Release|Any CPU
		{9EDAE319-02BC-4C5F-BE48-079828D4F3DA}.Release|Any CPU.Build.0 = Release|Any CPU
	EndGlobalSection
	GlobalSection(SolutionProperties) = preSolution
		HideSolutionNode = FALSE
	EndGlobalSection
	GlobalSection(ExtensibilityGlobals) = postSolution
		SolutionGuid = {C4415E01-D652-4E86-92B5-EB9D0B52F274}
	EndGlobalSection
EndGlobal
